// !$*UTF8*$!
{
	archiveVersion = 1;
	classes = {
	};
	objectVersion = 56;
	objects = {

/* Begin PBXBuildFile section */
		24A8BC7E2BADCF8500BB8851 /* AppDelegate.swift in Sources */ = {isa = PBXBuildFile; fileRef = 24A8BC7D2BADCF8500BB8851 /* AppDelegate.swift */; };
		24A8BC802BADCF8500BB8851 /* SceneDelegate.swift in Sources */ = {isa = PBXBuildFile; fileRef = 24A8BC7F2BADCF8500BB8851 /* SceneDelegate.swift */; };
		24A8BC822BADCF8500BB8851 /* ViewController.swift in Sources */ = {isa = PBXBuildFile; fileRef = 24A8BC812BADCF8500BB8851 /* ViewController.swift */; };
		24A8BC872BADCF8600BB8851 /* Assets.xcassets in Resources */ = {isa = PBXBuildFile; fileRef = 24A8BC862BADCF8600BB8851 /* Assets.xcassets */; };
		24A8BC922BADD08000BB8851 /* APIManager.swift in Sources */ = {isa = PBXBuildFile; fileRef = 24A8BC912BADD08000BB8851 /* APIManager.swift */; };
		24A8BC942BADD19800BB8851 /* AddressResponse.swift in Sources */ = {isa = PBXBuildFile; fileRef = 24A8BC932BADD19800BB8851 /* AddressResponse.swift */; };
		24A8BC972BADDB1600BB8851 /* AddressView.swift in Sources */ = {isa = PBXBuildFile; fileRef = 24A8BC962BADDB1600BB8851 /* AddressView.swift */; };
		24A8BC9A2BADDD8A00BB8851 /* AddressInteractor.swift in Sources */ = {isa = PBXBuildFile; fileRef = 24A8BC992BADDD8A00BB8851 /* AddressInteractor.swift */; };
		24A8BC9D2BADE29000BB8851 /* AddressPresenter.swift in Sources */ = {isa = PBXBuildFile; fileRef = 24A8BC9C2BADE29000BB8851 /* AddressPresenter.swift */; };
		24A8BCA12BAE2CB100BB8851 /* AddressFactory.swift in Sources */ = {isa = PBXBuildFile; fileRef = 24A8BCA02BAE2CB100BB8851 /* AddressFactory.swift */; };
/* End PBXBuildFile section */

/* Begin PBXFileReference section */
		24A8BC7A2BADCF8500BB8851 /* localization-app.app */ = {isa = PBXFileReference; explicitFileType = wrapper.application; includeInIndex = 0; path = "localization-app.app"; sourceTree = BUILT_PRODUCTS_DIR; };
		24A8BC7D2BADCF8500BB8851 /* AppDelegate.swift */ = {isa = PBXFileReference; lastKnownFileType = sourcecode.swift; path = AppDelegate.swift; sourceTree = "<group>"; };
		24A8BC7F2BADCF8500BB8851 /* SceneDelegate.swift */ = {isa = PBXFileReference; lastKnownFileType = sourcecode.swift; path = SceneDelegate.swift; sourceTree = "<group>"; };
		24A8BC812BADCF8500BB8851 /* ViewController.swift */ = {isa = PBXFileReference; lastKnownFileType = sourcecode.swift; path = ViewController.swift; sourceTree = "<group>"; };
		24A8BC862BADCF8600BB8851 /* Assets.xcassets */ = {isa = PBXFileReference; lastKnownFileType = folder.assetcatalog; path = Assets.xcassets; sourceTree = "<group>"; };
		24A8BC8B2BADCF8600BB8851 /* Info.plist */ = {isa = PBXFileReference; lastKnownFileType = text.plist.xml; path = Info.plist; sourceTree = "<group>"; };
		24A8BC912BADD08000BB8851 /* APIManager.swift */ = {isa = PBXFileReference; lastKnownFileType = sourcecode.swift; path = APIManager.swift; sourceTree = "<group>"; };
		24A8BC932BADD19800BB8851 /* AddressResponse.swift */ = {isa = PBXFileReference; lastKnownFileType = sourcecode.swift; path = AddressResponse.swift; sourceTree = "<group>"; };
		24A8BC962BADDB1600BB8851 /* AddressView.swift */ = {isa = PBXFileReference; lastKnownFileType = sourcecode.swift; path = AddressView.swift; sourceTree = "<group>"; };
		24A8BC992BADDD8A00BB8851 /* AddressInteractor.swift */ = {isa = PBXFileReference; lastKnownFileType = sourcecode.swift; path = AddressInteractor.swift; sourceTree = "<group>"; };
		24A8BC9C2BADE29000BB8851 /* AddressPresenter.swift */ = {isa = PBXFileReference; lastKnownFileType = sourcecode.swift; path = AddressPresenter.swift; sourceTree = "<group>"; };
		24A8BCA02BAE2CB100BB8851 /* AddressFactory.swift */ = {isa = PBXFileReference; lastKnownFileType = sourcecode.swift; path = AddressFactory.swift; sourceTree = "<group>"; };
/* End PBXFileReference section */

/* Begin PBXFrameworksBuildPhase section */
		24A8BC772BADCF8500BB8851 /* Frameworks */ = {
			isa = PBXFrameworksBuildPhase;
			buildActionMask = 2147483647;
			files = (
			);
			runOnlyForDeploymentPostprocessing = 0;
		};
/* End PBXFrameworksBuildPhase section */

/* Begin PBXGroup section */
		24A8BC712BADCF8500BB8851 = {
			isa = PBXGroup;
			children = (
				24A8BC7C2BADCF8500BB8851 /* localization-app */,
				24A8BC7B2BADCF8500BB8851 /* Products */,
			);
			sourceTree = "<group>";
		};
		24A8BC7B2BADCF8500BB8851 /* Products */ = {
			isa = PBXGroup;
			children = (
				24A8BC7A2BADCF8500BB8851 /* localization-app.app */,
			);
			name = Products;
			sourceTree = "<group>";
		};
		24A8BC7C2BADCF8500BB8851 /* localization-app */ = {
			isa = PBXGroup;
			children = (
				24A8BC9E2BAE2C5100BB8851 /* Address */,
				24A8BC982BADDD7A00BB8851 /* Interactor */,
				24A8BC952BADDB0700BB8851 /* View */,
				24A8BC7D2BADCF8500BB8851 /* AppDelegate.swift */,
				24A8BC7F2BADCF8500BB8851 /* SceneDelegate.swift */,
				24A8BC812BADCF8500BB8851 /* ViewController.swift */,
				24A8BC862BADCF8600BB8851 /* Assets.xcassets */,
				24A8BC8B2BADCF8600BB8851 /* Info.plist */,
				24A8BC912BADD08000BB8851 /* APIManager.swift */,
				24A8BC932BADD19800BB8851 /* AddressResponse.swift */,
			);
			path = "localization-app";
			sourceTree = "<group>";
		};
		24A8BC952BADDB0700BB8851 /* View */ = {
			isa = PBXGroup;
			children = (
				24A8BC962BADDB1600BB8851 /* AddressView.swift */,
			);
			path = View;
			sourceTree = "<group>";
		};
		24A8BC982BADDD7A00BB8851 /* Interactor */ = {
			isa = PBXGroup;
			children = (
				24A8BC992BADDD8A00BB8851 /* AddressInteractor.swift */,
			);
			path = Interactor;
			sourceTree = "<group>";
		};
		24A8BC9B2BADE21E00BB8851 /* Presenter */ = {
			isa = PBXGroup;
			children = (
				24A8BC9C2BADE29000BB8851 /* AddressPresenter.swift */,
			);
			path = Presenter;
			sourceTree = "<group>";
		};
		24A8BC9E2BAE2C5100BB8851 /* Address */ = {
			isa = PBXGroup;
			children = (
				24A8BC9F2BAE2CA000BB8851 /* Factory */,
				24A8BC9B2BADE21E00BB8851 /* Presenter */,
			);
			path = Address;
			sourceTree = "<group>";
		};
		24A8BC9F2BAE2CA000BB8851 /* Factory */ = {
			isa = PBXGroup;
			children = (
				24A8BCA02BAE2CB100BB8851 /* AddressFactory.swift */,
			);
			path = Factory;
			sourceTree = "<group>";
		};
/* End PBXGroup section */

/* Begin PBXNativeTarget section */
		24A8BC792BADCF8500BB8851 /* localization-app */ = {
			isa = PBXNativeTarget;
			buildConfigurationList = 24A8BC8E2BADCF8600BB8851 /* Build configuration list for PBXNativeTarget "localization-app" */;
			buildPhases = (
				24A8BC762BADCF8500BB8851 /* Sources */,
				24A8BC772BADCF8500BB8851 /* Frameworks */,
				24A8BC782BADCF8500BB8851 /* Resources */,
			);
			buildRules = (
			);
			dependencies = (
			);
			name = "localization-app";
			productName = "localization-app";
			productReference = 24A8BC7A2BADCF8500BB8851 /* localization-app.app */;
			productType = "com.apple.product-type.application";
		};
/* End PBXNativeTarget section */

/* Begin PBXProject section */
		24A8BC722BADCF8500BB8851 /* Project object */ = {
			isa = PBXProject;
			attributes = {
				BuildIndependentTargetsInParallel = 1;
				LastSwiftUpdateCheck = 1500;
				LastUpgradeCheck = 1500;
				TargetAttributes = {
					24A8BC792BADCF8500BB8851 = {
						CreatedOnToolsVersion = 15.0;
					};
				};
			};
			buildConfigurationList = 24A8BC752BADCF8500BB8851 /* Build configuration list for PBXProject "localization-app" */;
			compatibilityVersion = "Xcode 14.0";
			developmentRegion = en;
			hasScannedForEncodings = 0;
			knownRegions = (
				en,
				Base,
			);
			mainGroup = 24A8BC712BADCF8500BB8851;
			productRefGroup = 24A8BC7B2BADCF8500BB8851 /* Products */;
			projectDirPath = "";
			projectRoot = "";
			targets = (
				24A8BC792BADCF8500BB8851 /* localization-app */,
			);
		};
/* End PBXProject section */

/* Begin PBXResourcesBuildPhase section */
		24A8BC782BADCF8500BB8851 /* Resources */ = {
			isa = PBXResourcesBuildPhase;
			buildActionMask = 2147483647;
			files = (
				24A8BC872BADCF8600BB8851 /* Assets.xcassets in Resources */,
			);
			runOnlyForDeploymentPostprocessing = 0;
		};
/* End PBXResourcesBuildPhase section */

/* Begin PBXSourcesBuildPhase section */
		24A8BC762BADCF8500BB8851 /* Sources */ = {
			isa = PBXSourcesBuildPhase;
			buildActionMask = 2147483647;
			files = (
				24A8BC9A2BADDD8A00BB8851 /* AddressInteractor.swift in Sources */,
				24A8BC972BADDB1600BB8851 /* AddressView.swift in Sources */,
				24A8BC922BADD08000BB8851 /* APIManager.swift in Sources */,
				24A8BCA12BAE2CB100BB8851 /* AddressFactory.swift in Sources */,
				24A8BC822BADCF8500BB8851 /* ViewController.swift in Sources */,
				24A8BC7E2BADCF8500BB8851 /* AppDelegate.swift in Sources */,
				24A8BC942BADD19800BB8851 /* AddressResponse.swift in Sources */,
				24A8BC802BADCF8500BB8851 /* SceneDelegate.swift in Sources */,
				24A8BC9D2BADE29000BB8851 /* AddressPresenter.swift in Sources */,
			);
			runOnlyForDeploymentPostprocessing = 0;
		};
/* End PBXSourcesBuildPhase section */

/* Begin XCBuildConfiguration section */
		24A8BC8C2BADCF8600BB8851 /* Debug */ = {
			isa = XCBuildConfiguration;
			buildSettings = {
				ALWAYS_SEARCH_USER_PATHS = NO;
				ASSETCATALOG_COMPILER_GENERATE_SWIFT_ASSET_SYMBOL_EXTENSIONS = YES;
				CLANG_ANALYZER_NONNULL = YES;
				CLANG_ANALYZER_NUMBER_OBJECT_CONVERSION = YES_AGGRESSIVE;
				CLANG_CXX_LANGUAGE_STANDARD = "gnu++20";
				CLANG_ENABLE_MODULES = YES;
				CLANG_ENABLE_OBJC_ARC = YES;
				CLANG_ENABLE_OBJC_WEAK = YES;
				CLANG_WARN_BLOCK_CAPTURE_AUTORELEASING = YES;
				CLANG_WARN_BOOL_CONVERSION = YES;
				CLANG_WARN_COMMA = YES;
				CLANG_WARN_CONSTANT_CONVERSION = YES;
				CLANG_WARN_DEPRECATED_OBJC_IMPLEMENTATIONS = YES;
				CLANG_WARN_DIRECT_OBJC_ISA_USAGE = YES_ERROR;
				CLANG_WARN_DOCUMENTATION_COMMENTS = YES;
				CLANG_WARN_EMPTY_BODY = YES;
				CLANG_WARN_ENUM_CONVERSION = YES;
				CLANG_WARN_INFINITE_RECURSION = YES;
				CLANG_WARN_INT_CONVERSION = YES;
				CLANG_WARN_NON_LITERAL_NULL_CONVERSION = YES;
				CLANG_WARN_OBJC_IMPLICIT_RETAIN_SELF = YES;
				CLANG_WARN_OBJC_LITERAL_CONVERSION = YES;
				CLANG_WARN_OBJC_ROOT_CLASS = YES_ERROR;
				CLANG_WARN_QUOTED_INCLUDE_IN_FRAMEWORK_HEADER = YES;
				CLANG_WARN_RANGE_LOOP_ANALYSIS = YES;
				CLANG_WARN_STRICT_PROTOTYPES = YES;
				CLANG_WARN_SUSPICIOUS_MOVE = YES;
				CLANG_WARN_UNGUARDED_AVAILABILITY = YES_AGGRESSIVE;
				CLANG_WARN_UNREACHABLE_CODE = YES;
				CLANG_WARN__DUPLICATE_METHOD_MATCH = YES;
				COPY_PHASE_STRIP = NO;
				DEBUG_INFORMATION_FORMAT = dwarf;
				ENABLE_STRICT_OBJC_MSGSEND = YES;
				ENABLE_TESTABILITY = YES;
				ENABLE_USER_SCRIPT_SANDBOXING = YES;
				GCC_C_LANGUAGE_STANDARD = gnu17;
				GCC_DYNAMIC_NO_PIC = NO;
				GCC_NO_COMMON_BLOCKS = YES;
				GCC_OPTIMIZATION_LEVEL = 0;
				GCC_PREPROCESSOR_DEFINITIONS = (
					"DEBUG=1",
					"$(inherited)",
				);
				GCC_WARN_64_TO_32_BIT_CONVERSION = YES;
				GCC_WARN_ABOUT_RETURN_TYPE = YES_ERROR;
				GCC_WARN_UNDECLARED_SELECTOR = YES;
				GCC_WARN_UNINITIALIZED_AUTOS = YES_AGGRESSIVE;
				GCC_WARN_UNUSED_FUNCTION = YES;
				GCC_WARN_UNUSED_VARIABLE = YES;
				IPHONEOS_DEPLOYMENT_TARGET = 17.0;
				LOCALIZATION_PREFERS_STRING_CATALOGS = YES;
				MTL_ENABLE_DEBUG_INFO = INCLUDE_SOURCE;
				MTL_FAST_MATH = YES;
				ONLY_ACTIVE_ARCH = YES;
				SDKROOT = iphoneos;
				SWIFT_ACTIVE_COMPILATION_CONDITIONS = "DEBUG $(inherited)";
				SWIFT_OPTIMIZATION_LEVEL = "-Onone";
			};
			name = Debug;
		};
		24A8BC8D2BADCF8600BB8851 /* Release */ = {
			isa = XCBuildConfiguration;
			buildSettings = {
				ALWAYS_SEARCH_USER_PATHS = NO;
				ASSETCATALOG_COMPILER_GENERATE_SWIFT_ASSET_SYMBOL_EXTENSIONS = YES;
				CLANG_ANALYZER_NONNULL = YES;
				CLANG_ANALYZER_NUMBER_OBJECT_CONVERSION = YES_AGGRESSIVE;
				CLANG_CXX_LANGUAGE_STANDARD = "gnu++20";
				CLANG_ENABLE_MODULES = YES;
				CLANG_ENABLE_OBJC_ARC = YES;
				CLANG_ENABLE_OBJC_WEAK = YES;
				CLANG_WARN_BLOCK_CAPTURE_AUTORELEASING = YES;
				CLANG_WARN_BOOL_CONVERSION = YES;
				CLANG_WARN_COMMA = YES;
				CLANG_WARN_CONSTANT_CONVERSION = YES;
				CLANG_WARN_DEPRECATED_OBJC_IMPLEMENTATIONS = YES;
				CLANG_WARN_DIRECT_OBJC_ISA_USAGE = YES_ERROR;
				CLANG_WARN_DOCUMENTATION_COMMENTS = YES;
				CLANG_WARN_EMPTY_BODY = YES;
				CLANG_WARN_ENUM_CONVERSION = YES;
				CLANG_WARN_INFINITE_RECURSION = YES;
				CLANG_WARN_INT_CONVERSION = YES;
				CLANG_WARN_NON_LITERAL_NULL_CONVERSION = YES;
				CLANG_WARN_OBJC_IMPLICIT_RETAIN_SELF = YES;
				CLANG_WARN_OBJC_LITERAL_CONVERSION = YES;
				CLANG_WARN_OBJC_ROOT_CLASS = YES_ERROR;
				CLANG_WARN_QUOTED_INCLUDE_IN_FRAMEWORK_HEADER = YES;
				CLANG_WARN_RANGE_LOOP_ANALYSIS = YES;
				CLANG_WARN_STRICT_PROTOTYPES = YES;
				CLANG_WARN_SUSPICIOUS_MOVE = YES;
				CLANG_WARN_UNGUARDED_AVAILABILITY = YES_AGGRESSIVE;
				CLANG_WARN_UNREACHABLE_CODE = YES;
				CLANG_WARN__DUPLICATE_METHOD_MATCH = YES;
				COPY_PHASE_STRIP = NO;
				DEBUG_INFORMATION_FORMAT = "dwarf-with-dsym";
				ENABLE_NS_ASSERTIONS = NO;
				ENABLE_STRICT_OBJC_MSGSEND = YES;
				ENABLE_USER_SCRIPT_SANDBOXING = YES;
				GCC_C_LANGUAGE_STANDARD = gnu17;
				GCC_NO_COMMON_BLOCKS = YES;
				GCC_WARN_64_TO_32_BIT_CONVERSION = YES;
				GCC_WARN_ABOUT_RETURN_TYPE = YES_ERROR;
				GCC_WARN_UNDECLARED_SELECTOR = YES;
				GCC_WARN_UNINITIALIZED_AUTOS = YES_AGGRESSIVE;
				GCC_WARN_UNUSED_FUNCTION = YES;
				GCC_WARN_UNUSED_VARIABLE = YES;
				IPHONEOS_DEPLOYMENT_TARGET = 17.0;
				LOCALIZATION_PREFERS_STRING_CATALOGS = YES;
				MTL_ENABLE_DEBUG_INFO = NO;
				MTL_FAST_MATH = YES;
				SDKROOT = iphoneos;
				SWIFT_COMPILATION_MODE = wholemodule;
				VALIDATE_PRODUCT = YES;
			};
			name = Release;
		};
		24A8BC8F2BADCF8600BB8851 /* Debug */ = {
			isa = XCBuildConfiguration;
			buildSettings = {
				ASSETCATALOG_COMPILER_APPICON_NAME = AppIcon;
				ASSETCATALOG_COMPILER_GLOBAL_ACCENT_COLOR_NAME = AccentColor;
				CODE_SIGN_STYLE = Automatic;
				CURRENT_PROJECT_VERSION = 1;
				GENERATE_INFOPLIST_FILE = YES;
				INFOPLIST_FILE = "localization-app/Info.plist";
				INFOPLIST_KEY_UIApplicationSupportsIndirectInputEvents = YES;
				INFOPLIST_KEY_UILaunchStoryboardName = LaunchScreen;
				INFOPLIST_KEY_UISupportedInterfaceOrientations_iPad = "UIInterfaceOrientationPortrait UIInterfaceOrientationPortraitUpsideDown UIInterfaceOrientationLandscapeLeft UIInterfaceOrientationLandscapeRight";
				INFOPLIST_KEY_UISupportedInterfaceOrientations_iPhone = "UIInterfaceOrientationPortrait UIInterfaceOrientationLandscapeLeft UIInterfaceOrientationLandscapeRight";
				LD_RUNPATH_SEARCH_PATHS = (
					"$(inherited)",
					"@executable_path/Frameworks",
				);
				MARKETING_VERSION = 1.0;
				PRODUCT_BUNDLE_IDENTIFIER = "lys.com.localization-app";
				PRODUCT_NAME = "$(TARGET_NAME)";
				SWIFT_EMIT_LOC_STRINGS = YES;
				SWIFT_VERSION = 5.0;
				TARGETED_DEVICE_FAMILY = "1,2";
			};
			name = Debug;
		};
		24A8BC902BADCF8600BB8851 /* Release */ = {
			isa = XCBuildConfiguration;
			buildSettings = {
				ASSETCATALOG_COMPILER_APPICON_NAME = AppIcon;
				ASSETCATALOG_COMPILER_GLOBAL_ACCENT_COLOR_NAME = AccentColor;
				CODE_SIGN_STYLE = Automatic;
				CURRENT_PROJECT_VERSION = 1;
				GENERATE_INFOPLIST_FILE = YES;
				INFOPLIST_FILE = "localization-app/Info.plist";
				INFOPLIST_KEY_UIApplicationSupportsIndirectInputEvents = YES;
				INFOPLIST_KEY_UILaunchStoryboardName = LaunchScreen;
				INFOPLIST_KEY_UISupportedInterfaceOrientations_iPad = "UIInterfaceOrientationPortrait UIInterfaceOrientationPortraitUpsideDown UIInterfaceOrientationLandscapeLeft UIInterfaceOrientationLandscapeRight";
				INFOPLIST_KEY_UISupportedInterfaceOrientations_iPhone = "UIInterfaceOrientationPortrait UIInterfaceOrientationLandscapeLeft UIInterfaceOrientationLandscapeRight";
				LD_RUNPATH_SEARCH_PATHS = (
					"$(inherited)",
					"@executable_path/Frameworks",
				);
				MARKETING_VERSION = 1.0;
				PRODUCT_BUNDLE_IDENTIFIER = "lys.com.localization-app";
				PRODUCT_NAME = "$(TARGET_NAME)";
				SWIFT_EMIT_LOC_STRINGS = YES;
				SWIFT_VERSION = 5.0;
				TARGETED_DEVICE_FAMILY = "1,2";
			};
			name = Release;
		};
/* End XCBuildConfiguration section */

/* Begin XCConfigurationList section */
		24A8BC752BADCF8500BB8851 /* Build configuration list for PBXProject "localization-app" */ = {
			isa = XCConfigurationList;
			buildConfigurations = (
				24A8BC8C2BADCF8600BB8851 /* Debug */,
				24A8BC8D2BADCF8600BB8851 /* Release */,
			);
			defaultConfigurationIsVisible = 0;
			defaultConfigurationName = Release;
		};
		24A8BC8E2BADCF8600BB8851 /* Build configuration list for PBXNativeTarget "localization-app" */ = {
			isa = XCConfigurationList;
			buildConfigurations = (
				24A8BC8F2BADCF8600BB8851 /* Debug */,
				24A8BC902BADCF8600BB8851 /* Release */,
			);
			defaultConfigurationIsVisible = 0;
			defaultConfigurationName = Release;
		};
/* End XCConfigurationList section */
	};
	rootObject = 24A8BC722BADCF8500BB8851 /* Project object */;
}
